# This file is autogenerated, do not edit; changes may be undone by the next 'dep ensure'.


[[projects]]
  name = "github.com/gorilla/context"
  packages = ["."]
  revision = "1ea25387ff6f684839d82767c1733ff4d4d15d0a"
  version = "v1.1"

[[projects]]
  name = "github.com/gorilla/mux"
  packages = ["."]
  revision = "bcd8bc72b08df0f70df986b97f95590779502d31"
  version = "v1.4.0"

[[projects]]
  name = "github.com/huandu/facebook"
  packages = ["."]
  revision = "efe962f32209aa6e7430fb779bdf29bbcdb716e1"
  version = "v1.8.1"

[solve-meta]
  analyzer-name = "dep"
  analyzer-version = 1
  inputs-digest = "5e5523d0fbf4df27b061e51ec742aee3d03767cd5b1413032aa184e1653236c9"
  solver-name = "gps-cdcl"
  solver-version = 1
